
Microsoft Visual Studio Solution File, Format Version 12.00
# Visual Studio Version 16
VisualStudioVersion = 16.0.31321.278
MinimumVisualStudioVersion = 10.0.40219.1
Project("{FAE04EC0-301F-11D3-BF4B-00C04F79EFBC}") = "GameStore", "GameStore\GameStore.csproj", "{DCBB9F6E-47BF-435F-B671-EFA7E8C7EBF0}"
EndProject
Global
	GlobalSection(SolutionConfigurationPlatforms) = preSolution
		Debug|Any CPU = Debug|Any CPU
		Release|Any CPU = Release|Any CPU
	EndGlobalSection
	GlobalSection(ProjectConfigurationPlatforms) = postSolution
		{DCBB9F6E-47BF-435F-B671-EFA7E8C7EBF0}.Debug|Any CPU.ActiveCfg = Debug|Any CPU
		{DCBB9F6E-47BF-435F-B671-EFA7E8C7EBF0}.Debug|Any CPU.Build.0 = Debug|Any CPU
		{DCBB9F6E-47BF-435F-B671-EFA7E8C7EBF0}.Release|Any CPU.ActiveCfg = Release|Any CPU
		{DCBB9F6E-47BF-435F-B671-EFA7E8C7EBF0}.Release|Any CPU.Build.0 = Release|Any CPU
	EndGlobalSection
	GlobalSection(SolutionProperties) = preSolution
		HideSolutionNode = FALSE
	EndGlobalSection
	GlobalSection(ExtensibilityGlobals) = postSolution
		SolutionGuid = {DC86752D-5657-4063-9581-5383262B6B13}
	EndGlobalSection
EndGlobal
